
Microsoft Visual Studio Solution File, Format Version 12.00
# Visual Studio 15
VisualStudioVersion = 15.0.26430.16
MinimumVisualStudioVersion = 10.0.40219.1
Project("{2150E333-8FDC-42A3-9474-1A3956D46DE8}") = "Project", "Project", "{CAD05374-5092-4BCE-818E-68FD03B97F47}"
EndProject
Project("{2150E333-8FDC-42A3-9474-1A3956D46DE8}") = "Foundation", "Foundation", "{FB9533E9-6976-452A-94C0-70F9013433D0}"
EndProject
Project("{2150E333-8FDC-42A3-9474-1A3956D46DE8}") = "Feature", "Feature", "{C9BB3345-C37D-452F-9368-B848625FB942}"
EndProject
Project("{2150E333-8FDC-42A3-9474-1A3956D46DE8}") = "Configuration", "Configuration", "{E11843A4-1361-491F-824C-AD392AA81351}"
	ProjectSection(SolutionItems) = preProject
		gulp-config.js = gulp-config.js
		gulpfile.js = gulpfile.js
		package.json = package.json
	EndProjectSection
EndProject
Project("{2150E333-8FDC-42A3-9474-1A3956D46DE8}") = "SitecoreDev", "SitecoreDev", "{B40A761E-C8E8-497F-B830-338621A0AA02}"
EndProject
Project("{2150E333-8FDC-42A3-9474-1A3956D46DE8}") = "SitecoreExtensions", "SitecoreExtensions", "{6FB6F872-E69B-4D3B-B51F-B1F097866992}"
EndProject
Project("{FAE04EC0-301F-11D3-BF4B-00C04F79EFBC}") = "SitecoreDev.Foundation.SitecoreExtensions", "Foundation\SitecoreExtensions\SitecoreDev.Foundation.SitecoreExtensions\SitecoreDev.Foundation.SitecoreExtensions.csproj", "{3313EA11-7889-432D-A3D3-49E58DDB13EB}"
EndProject
Project("{FAE04EC0-301F-11D3-BF4B-00C04F79EFBC}") = "SitecoreDev.Website", "Project\SitecoreDev\SitecoreDev.Website\SitecoreDev.Website.csproj", "{D6041061-3779-41D1-AB4E-EB7CED33C29D}"
EndProject
Project("{2150E333-8FDC-42A3-9474-1A3956D46DE8}") = "Styles", "Styles", "{1A14E867-059C-4173-A7F8-5B6BE8BF13D7}"
EndProject
Project("{FAE04EC0-301F-11D3-BF4B-00C04F79EFBC}") = "SitecoreDev.Foundation.Styles", "SitecoreDev.Foundation.Styles\SitecoreDev.Foundation.Styles.csproj", "{0024F355-3F6F-4307-8207-A3693AFE8748}"
EndProject
Project("{2150E333-8FDC-42A3-9474-1A3956D46DE8}") = "Media", "Media", "{AE0A6976-B5E1-486C-B2FA-BAB7CDC79DC8}"
EndProject
Project("{FAE04EC0-301F-11D3-BF4B-00C04F79EFBC}") = "SitecoreDev.Feature.Media", "SitecoreDev.Feature.Media\SitecoreDev.Feature.Media.csproj", "{CA46EF8D-229B-40F6-8822-72E40928979F}"
EndProject
Project("{2150E333-8FDC-42A3-9474-1A3956D46DE8}") = "Articles", "Articles", "{1BB25105-F854-4351-B451-71A61E65B0D2}"
EndProject
Project("{FAE04EC0-301F-11D3-BF4B-00C04F79EFBC}") = "SitecoreDev.Feature.Articles", "Feature\Articles\SitecoreDev.Feature.Articlles\SitecoreDev.Feature.Articles.csproj", "{518191BC-4D63-402C-80AD-8D4BFD9C77A4}"
EndProject
Project("{2150E333-8FDC-42A3-9474-1A3956D46DE8}") = "Indexing", "Indexing", "{1080547E-4234-48DA-B7C5-D8ED106522DA}"
EndProject
Project("{FAE04EC0-301F-11D3-BF4B-00C04F79EFBC}") = "SitecoreDev.Foundation.Index", "Foundation\Indexing\SitecoreDev.Foundation.Index\SitecoreDev.Foundation.Index.csproj", "{6354EF87-A4C4-4335-87EB-C0C48C98011B}"
EndProject
Project("{2150E333-8FDC-42A3-9474-1A3956D46DE8}") = "Search", "Search", "{6B4EB248-7982-43A0-BACF-9482F2800CE9}"
EndProject
Project("{FAE04EC0-301F-11D3-BF4B-00C04F79EFBC}") = "SitecoreDev.Feature.Search", "Feature\Search\SitecoreDev.Feature.Search\SitecoreDev.Feature.Search.csproj", "{F6EA040D-9E34-4E9B-B285-9CB4E0BDF24D}"
EndProject
Global
	GlobalSection(SolutionConfigurationPlatforms) = preSolution
		Debug|Any CPU = Debug|Any CPU
		Release|Any CPU = Release|Any CPU
	EndGlobalSection
	GlobalSection(ProjectConfigurationPlatforms) = postSolution
		{3313EA11-7889-432D-A3D3-49E58DDB13EB}.Debug|Any CPU.ActiveCfg = Debug|Any CPU
		{3313EA11-7889-432D-A3D3-49E58DDB13EB}.Debug|Any CPU.Build.0 = Debug|Any CPU
		{3313EA11-7889-432D-A3D3-49E58DDB13EB}.Release|Any CPU.ActiveCfg = Release|Any CPU
		{3313EA11-7889-432D-A3D3-49E58DDB13EB}.Release|Any CPU.Build.0 = Release|Any CPU
		{D6041061-3779-41D1-AB4E-EB7CED33C29D}.Debug|Any CPU.ActiveCfg = Debug|Any CPU
		{D6041061-3779-41D1-AB4E-EB7CED33C29D}.Debug|Any CPU.Build.0 = Debug|Any CPU
		{D6041061-3779-41D1-AB4E-EB7CED33C29D}.Release|Any CPU.ActiveCfg = Release|Any CPU
		{D6041061-3779-41D1-AB4E-EB7CED33C29D}.Release|Any CPU.Build.0 = Release|Any CPU
		{0024F355-3F6F-4307-8207-A3693AFE8748}.Debug|Any CPU.ActiveCfg = Debug|Any CPU
		{0024F355-3F6F-4307-8207-A3693AFE8748}.Debug|Any CPU.Build.0 = Debug|Any CPU
		{0024F355-3F6F-4307-8207-A3693AFE8748}.Release|Any CPU.ActiveCfg = Release|Any CPU
		{0024F355-3F6F-4307-8207-A3693AFE8748}.Release|Any CPU.Build.0 = Release|Any CPU
		{CA46EF8D-229B-40F6-8822-72E40928979F}.Debug|Any CPU.ActiveCfg = Debug|Any CPU
		{CA46EF8D-229B-40F6-8822-72E40928979F}.Debug|Any CPU.Build.0 = Debug|Any CPU
		{CA46EF8D-229B-40F6-8822-72E40928979F}.Release|Any CPU.ActiveCfg = Release|Any CPU
		{CA46EF8D-229B-40F6-8822-72E40928979F}.Release|Any CPU.Build.0 = Release|Any CPU
		{518191BC-4D63-402C-80AD-8D4BFD9C77A4}.Debug|Any CPU.ActiveCfg = Debug|Any CPU
		{518191BC-4D63-402C-80AD-8D4BFD9C77A4}.Debug|Any CPU.Build.0 = Debug|Any CPU
		{518191BC-4D63-402C-80AD-8D4BFD9C77A4}.Release|Any CPU.ActiveCfg = Release|Any CPU
		{518191BC-4D63-402C-80AD-8D4BFD9C77A4}.Release|Any CPU.Build.0 = Release|Any CPU
		{6354EF87-A4C4-4335-87EB-C0C48C98011B}.Debug|Any CPU.ActiveCfg = Debug|Any CPU
		{6354EF87-A4C4-4335-87EB-C0C48C98011B}.Debug|Any CPU.Build.0 = Debug|Any CPU
		{6354EF87-A4C4-4335-87EB-C0C48C98011B}.Release|Any CPU.ActiveCfg = Release|Any CPU
		{6354EF87-A4C4-4335-87EB-C0C48C98011B}.Release|Any CPU.Build.0 = Release|Any CPU
		{F6EA040D-9E34-4E9B-B285-9CB4E0BDF24D}.Debug|Any CPU.ActiveCfg = Debug|Any CPU
		{F6EA040D-9E34-4E9B-B285-9CB4E0BDF24D}.Debug|Any CPU.Build.0 = Debug|Any CPU
		{F6EA040D-9E34-4E9B-B285-9CB4E0BDF24D}.Release|Any CPU.ActiveCfg = Release|Any CPU
		{F6EA040D-9E34-4E9B-B285-9CB4E0BDF24D}.Release|Any CPU.Build.0 = Release|Any CPU
	EndGlobalSection
	GlobalSection(SolutionProperties) = preSolution
		HideSolutionNode = FALSE
	EndGlobalSection
	GlobalSection(NestedProjects) = preSolution
		{B40A761E-C8E8-497F-B830-338621A0AA02} = {CAD05374-5092-4BCE-818E-68FD03B97F47}
		{6FB6F872-E69B-4D3B-B51F-B1F097866992} = {FB9533E9-6976-452A-94C0-70F9013433D0}
		{3313EA11-7889-432D-A3D3-49E58DDB13EB} = {6FB6F872-E69B-4D3B-B51F-B1F097866992}
		{D6041061-3779-41D1-AB4E-EB7CED33C29D} = {B40A761E-C8E8-497F-B830-338621A0AA02}
		{1A14E867-059C-4173-A7F8-5B6BE8BF13D7} = {FB9533E9-6976-452A-94C0-70F9013433D0}
		{0024F355-3F6F-4307-8207-A3693AFE8748} = {1A14E867-059C-4173-A7F8-5B6BE8BF13D7}
		{AE0A6976-B5E1-486C-B2FA-BAB7CDC79DC8} = {C9BB3345-C37D-452F-9368-B848625FB942}
		{CA46EF8D-229B-40F6-8822-72E40928979F} = {AE0A6976-B5E1-486C-B2FA-BAB7CDC79DC8}
		{1BB25105-F854-4351-B451-71A61E65B0D2} = {C9BB3345-C37D-452F-9368-B848625FB942}
		{518191BC-4D63-402C-80AD-8D4BFD9C77A4} = {1BB25105-F854-4351-B451-71A61E65B0D2}
		{1080547E-4234-48DA-B7C5-D8ED106522DA} = {FB9533E9-6976-452A-94C0-70F9013433D0}
		{6354EF87-A4C4-4335-87EB-C0C48C98011B} = {1080547E-4234-48DA-B7C5-D8ED106522DA}
		{6B4EB248-7982-43A0-BACF-9482F2800CE9} = {C9BB3345-C37D-452F-9368-B848625FB942}
		{F6EA040D-9E34-4E9B-B285-9CB4E0BDF24D} = {6B4EB248-7982-43A0-BACF-9482F2800CE9}
	EndGlobalSection
EndGlobal
